
Microsoft Visual Studio Solution File, Format Version 12.00
# Visual Studio Version 17
VisualStudioVersion = 17.3.32929.385
MinimumVisualStudioVersion = 10.0.40219.1
Project("{FAE04EC0-301F-11D3-BF4B-00C04F79EFBC}") = "AISD_LR14", "AISD_LR14\AISD_LR14.csproj", "{4313197B-8CE9-4E87-9F3F-3DCC34E5E4C6}"
EndProject
Global
	GlobalSection(SolutionConfigurationPlatforms) = preSolution
		Debug|Any CPU = Debug|Any CPU
		Release|Any CPU = Release|Any CPU
	EndGlobalSection
	GlobalSection(ProjectConfigurationPlatforms) = postSolution
		{4313197B-8CE9-4E87-9F3F-3DCC34E5E4C6}.Debug|Any CPU.ActiveCfg = Debug|Any CPU
		{4313197B-8CE9-4E87-9F3F-3DCC34E5E4C6}.Debug|Any CPU.Build.0 = Debug|Any CPU
		{4313197B-8CE9-4E87-9F3F-3DCC34E5E4C6}.Release|Any CPU.ActiveCfg = Release|Any CPU
		{4313197B-8CE9-4E87-9F3F-3DCC34E5E4C6}.Release|Any CPU.Build.0 = Release|Any CPU
	EndGlobalSection
	GlobalSection(SolutionProperties) = preSolution
		HideSolutionNode = FALSE
	EndGlobalSection
	GlobalSection(ExtensibilityGlobals) = postSolution
		SolutionGuid = {47AD9A47-6F5A-4625-AE39-B162B59FDE46}
	EndGlobalSection
EndGlobal
